
Microsoft Visual Studio Solution File, Format Version 12.00
# Visual Studio Version 17
VisualStudioVersion = 17.10.35013.160
MinimumVisualStudioVersion = 10.0.40219.1
Project("{8BC9CEB8-8B4A-11D0-8D11-00A0C91BC942}") = "HM_006", "HM_006.vcxproj", "{E74AE5CD-A64F-4835-86EA-F80EB07E085B}"
EndProject
Global
	GlobalSection(SolutionConfigurationPlatforms) = preSolution
		Debug|x64 = Debug|x64
		Debug|x86 = Debug|x86
		Release|x64 = Release|x64
		Release|x86 = Release|x86
	EndGlobalSection
	GlobalSection(ProjectConfigurationPlatforms) = postSolution
		{E74AE5CD-A64F-4835-86EA-F80EB07E085B}.Debug|x64.ActiveCfg = Debug|x64
		{E74AE5CD-A64F-4835-86EA-F80EB07E085B}.Debug|x64.Build.0 = Debug|x64
		{E74AE5CD-A64F-4835-86EA-F80EB07E085B}.Debug|x86.ActiveCfg = Debug|Win32
		{E74AE5CD-A64F-4835-86EA-F80EB07E085B}.Debug|x86.Build.0 = Debug|Win32
		{E74AE5CD-A64F-4835-86EA-F80EB07E085B}.Release|x64.ActiveCfg = Release|x64
		{E74AE5CD-A64F-4835-86EA-F80EB07E085B}.Release|x64.Build.0 = Release|x64
		{E74AE5CD-A64F-4835-86EA-F80EB07E085B}.Release|x86.ActiveCfg = Release|Win32
		{E74AE5CD-A64F-4835-86EA-F80EB07E085B}.Release|x86.Build.0 = Release|Win32
	EndGlobalSection
	GlobalSection(SolutionProperties) = preSolution
		HideSolutionNode = FALSE
	EndGlobalSection
	GlobalSection(ExtensibilityGlobals) = postSolution
		SolutionGuid = {FBB5A775-9843-4EE5-820D-2367C0D47F34}
	EndGlobalSection
EndGlobal
